github.com/razonyang/hugo-mod-icons v0.1.0 h1:hkgS6FQMf+qjjDDztjntJ4tRewJxAHEI2T06ayZeNIc=
github.com/razonyang/hugo-mod-icons v0.1.0/go.mod h1:4atUyrOOKz1CnywT6qdUy3KoK4hcsM/JnS/EvqDWgnY=
github.com/simple-icons/simple-icons v0.0.0-20221205125112-388dde11a51c h1:d0lHhumvFTv0gC7aeNrxflx9dfGGkfmPhTsvcsuDyHQ=
github.com/simple-icons/simple-icons v0.0.0-20221205125112-388dde11a51c/go.mod h1:oOgUUt8yVYOso/wEBi2ojfZP2MU/xxiNccIpaE+jCvE=
